
Microsoft Visual Studio Solution File, Format Version 12.00
# Visual Studio Version 17
VisualStudioVersion = 17.14.36203.30 d17.14
MinimumVisualStudioVersion = 10.0.40219.1
Project("{FAE04EC0-301F-11D3-BF4B-00C04F79EFBC}") = "CZN", "CZN\CZN.csproj", "{359AF084-84CA-4B87-A415-DD74EF2FB6FE}"
EndProject
Global
	GlobalSection(SolutionConfigurationPlatforms) = preSolution
		Debug|Any CPU = Debug|Any CPU
		Release|Any CPU = Release|Any CPU
	EndGlobalSection
	GlobalSection(ProjectConfigurationPlatforms) = postSolution
		{359AF084-84CA-4B87-A415-DD74EF2FB6FE}.Debug|Any CPU.ActiveCfg = Debug|Any CPU
		{359AF084-84CA-4B87-A415-DD74EF2FB6FE}.Debug|Any CPU.Build.0 = Debug|Any CPU
		{359AF084-84CA-4B87-A415-DD74EF2FB6FE}.Release|Any CPU.ActiveCfg = Release|Any CPU
		{359AF084-84CA-4B87-A415-DD74EF2FB6FE}.Release|Any CPU.Build.0 = Release|Any CPU
	EndGlobalSection
	GlobalSection(SolutionProperties) = preSolution
		HideSolutionNode = FALSE
	EndGlobalSection
	GlobalSection(ExtensibilityGlobals) = postSolution
		SolutionGuid = {389913C9-613F-44D5-B803-21408EF590AC}
	EndGlobalSection
EndGlobal
